
Microsoft Visual Studio Solution File, Format Version 12.00
# Visual Studio Version 16
VisualStudioVersion = 16.0.29306.81
MinimumVisualStudioVersion = 10.0.40219.1
Project("{9A19103F-16F7-4668-BE54-9A1E7A4F7556}") = "whatWeb", "what\whatWeb.csproj", "{AF83DCE8-8D1F-4BAB-8065-8E879348492B}"
EndProject
Project("{FAE04EC0-301F-11D3-BF4B-00C04F79EFBC}") = "whatModel", "..\whatModel\whatModel.csproj", "{63C8457E-7FAE-446E-9AD9-E0C457012CFF}"
EndProject
Global
	GlobalSection(SolutionConfigurationPlatforms) = preSolution
		Debug|Any CPU = Debug|Any CPU
		Release|Any CPU = Release|Any CPU
	EndGlobalSection
	GlobalSection(ProjectConfigurationPlatforms) = postSolution
		{AF83DCE8-8D1F-4BAB-8065-8E879348492B}.Debug|Any CPU.ActiveCfg = Debug|Any CPU
		{AF83DCE8-8D1F-4BAB-8065-8E879348492B}.Debug|Any CPU.Build.0 = Debug|Any CPU
		{AF83DCE8-8D1F-4BAB-8065-8E879348492B}.Release|Any CPU.ActiveCfg = Release|Any CPU
		{AF83DCE8-8D1F-4BAB-8065-8E879348492B}.Release|Any CPU.Build.0 = Release|Any CPU
		{63C8457E-7FAE-446E-9AD9-E0C457012CFF}.Debug|Any CPU.ActiveCfg = Debug|Any CPU
		{63C8457E-7FAE-446E-9AD9-E0C457012CFF}.Debug|Any CPU.Build.0 = Debug|Any CPU
		{63C8457E-7FAE-446E-9AD9-E0C457012CFF}.Release|Any CPU.ActiveCfg = Release|Any CPU
		{63C8457E-7FAE-446E-9AD9-E0C457012CFF}.Release|Any CPU.Build.0 = Release|Any CPU
	EndGlobalSection
	GlobalSection(SolutionProperties) = preSolution
		HideSolutionNode = FALSE
	EndGlobalSection
	GlobalSection(ExtensibilityGlobals) = postSolution
		SolutionGuid = {490F6E6D-F0C3-4B1E-9971-0BEF728DF909}
	EndGlobalSection
EndGlobal
